
Microsoft Visual Studio Solution File, Format Version 12.00
# Visual Studio 15
VisualStudioVersion = 15.0.26430.13
MinimumVisualStudioVersion = 10.0.40219.1
Project("{FAE04EC0-301F-11D3-BF4B-00C04F79EFBC}") = "Server", "Server.csproj", "{A705AFF9-B541-415A-95F4-A82F070F24D6}"
EndProject
Project("{FAE04EC0-301F-11D3-BF4B-00C04F79EFBC}") = "Client", "..\Client\Client.csproj", "{E91834A9-CAB4-4FE3-901E-500D3FD7CB3F}"
EndProject
Global
	GlobalSection(SolutionConfigurationPlatforms) = preSolution
		Debug|Any CPU = Debug|Any CPU
		Release|Any CPU = Release|Any CPU
	EndGlobalSection
	GlobalSection(ProjectConfigurationPlatforms) = postSolution
		{A705AFF9-B541-415A-95F4-A82F070F24D6}.Debug|Any CPU.ActiveCfg = Debug|Any CPU
		{A705AFF9-B541-415A-95F4-A82F070F24D6}.Debug|Any CPU.Build.0 = Debug|Any CPU
		{A705AFF9-B541-415A-95F4-A82F070F24D6}.Release|Any CPU.ActiveCfg = Release|Any CPU
		{A705AFF9-B541-415A-95F4-A82F070F24D6}.Release|Any CPU.Build.0 = Release|Any CPU
		{E91834A9-CAB4-4FE3-901E-500D3FD7CB3F}.Debug|Any CPU.ActiveCfg = Debug|Any CPU
		{E91834A9-CAB4-4FE3-901E-500D3FD7CB3F}.Debug|Any CPU.Build.0 = Debug|Any CPU
		{E91834A9-CAB4-4FE3-901E-500D3FD7CB3F}.Release|Any CPU.ActiveCfg = Release|Any CPU
		{E91834A9-CAB4-4FE3-901E-500D3FD7CB3F}.Release|Any CPU.Build.0 = Release|Any CPU
	EndGlobalSection
	GlobalSection(SolutionProperties) = preSolution
		HideSolutionNode = FALSE
	EndGlobalSection
EndGlobal
